// !$*UTF8*$!
{
	archiveVersion = 1;
	classes = {
	};
	objectVersion = 50;
	objects = {

/* Begin PBXBuildFile section */
		055601FD216BE4D00055E46E /* AppDelegate.swift in Sources */ = {isa = PBXBuildFile; fileRef = 055601FC216BE4D00055E46E /* AppDelegate.swift */; };
		055601FF216BE4D00055E46E /* ActivitiesViewController.swift in Sources */ = {isa = PBXBuildFile; fileRef = 055601FE216BE4D00055E46E /* ActivitiesViewController.swift */; };
		05560202216BE4D00055E46E /* Main.storyboard in Resources */ = {isa = PBXBuildFile; fileRef = 05560200216BE4D00055E46E /* Main.storyboard */; };
		05560204216BE4D10055E46E /* Assets.xcassets in Resources */ = {isa = PBXBuildFile; fileRef = 05560203216BE4D10055E46E /* Assets.xcassets */; };
		05560207216BE4D10055E46E /* LaunchScreen.storyboard in Resources */ = {isa = PBXBuildFile; fileRef = 05560205216BE4D10055E46E /* LaunchScreen.storyboard */; };
		05560212216BF2DD0055E46E /* Activity.swift in Sources */ = {isa = PBXBuildFile; fileRef = 05560211216BF2DD0055E46E /* Activity.swift */; };
		05B001B9216BFAD60004E18E /* ActivityDetailsViewController.swift in Sources */ = {isa = PBXBuildFile; fileRef = 05B001B8216BFAD60004E18E /* ActivityDetailsViewController.swift */; };
/* End PBXBuildFile section */

/* Begin PBXFileReference section */
		055601F9216BE4D00055E46E /* FreshAirFit.app */ = {isa = PBXFileReference; explicitFileType = wrapper.application; includeInIndex = 0; path = FreshAirFit.app; sourceTree = BUILT_PRODUCTS_DIR; };
		055601FC216BE4D00055E46E /* AppDelegate.swift */ = {isa = PBXFileReference; lastKnownFileType = sourcecode.swift; path = AppDelegate.swift; sourceTree = "<group>"; };
		055601FE216BE4D00055E46E /* ActivitiesViewController.swift */ = {isa = PBXFileReference; lastKnownFileType = sourcecode.swift; path = ActivitiesViewController.swift; sourceTree = "<group>"; };
		05560201216BE4D00055E46E /* Base */ = {isa = PBXFileReference; lastKnownFileType = file.storyboard; name = Base; path = Base.lproj/Main.storyboard; sourceTree = "<group>"; };
		05560203216BE4D10055E46E /* Assets.xcassets */ = {isa = PBXFileReference; lastKnownFileType = folder.assetcatalog; path = Assets.xcassets; sourceTree = "<group>"; };
		05560206216BE4D10055E46E /* Base */ = {isa = PBXFileReference; lastKnownFileType = file.storyboard; name = Base; path = Base.lproj/LaunchScreen.storyboard; sourceTree = "<group>"; };
		05560208216BE4D10055E46E /* Info.plist */ = {isa = PBXFileReference; lastKnownFileType = text.plist.xml; path = Info.plist; sourceTree = "<group>"; };
		05560211216BF2DD0055E46E /* Activity.swift */ = {isa = PBXFileReference; lastKnownFileType = sourcecode.swift; path = Activity.swift; sourceTree = "<group>"; };
		05B001B8216BFAD60004E18E /* ActivityDetailsViewController.swift */ = {isa = PBXFileReference; lastKnownFileType = sourcecode.swift; path = ActivityDetailsViewController.swift; sourceTree = "<group>"; };
/* End PBXFileReference section */

/* Begin PBXFrameworksBuildPhase section */
		055601F6216BE4D00055E46E /* Frameworks */ = {
			isa = PBXFrameworksBuildPhase;
			buildActionMask = 2147483647;
			files = (
			);
			runOnlyForDeploymentPostprocessing = 0;
		};
/* End PBXFrameworksBuildPhase section */

/* Begin PBXGroup section */
		055601F0216BE4D00055E46E = {
			isa = PBXGroup;
			children = (
				055601FB216BE4D00055E46E /* FreshAirFit */,
				055601FA216BE4D00055E46E /* Products */,
			);
			sourceTree = "<group>";
		};
		055601FA216BE4D00055E46E /* Products */ = {
			isa = PBXGroup;
			children = (
				055601F9216BE4D00055E46E /* FreshAirFit.app */,
			);
			name = Products;
			sourceTree = "<group>";
		};
		055601FB216BE4D00055E46E /* FreshAirFit */ = {
			isa = PBXGroup;
			children = (
				055601FC216BE4D00055E46E /* AppDelegate.swift */,
				05560208216BE4D10055E46E /* Info.plist */,
				0556020F216BEA150055E46E /* View */,
				05560210216BEA240055E46E /* Model */,
				0556020E216BEA060055E46E /* Controller */,
			);
			path = FreshAirFit;
			sourceTree = "<group>";
		};
		0556020E216BEA060055E46E /* Controller */ = {
			isa = PBXGroup;
			children = (
				055601FE216BE4D00055E46E /* ActivitiesViewController.swift */,
				05B001B8216BFAD60004E18E /* ActivityDetailsViewController.swift */,
			);
			path = Controller;
			sourceTree = "<group>";
		};
		0556020F216BEA150055E46E /* View */ = {
			isa = PBXGroup;
			children = (
				05560200216BE4D00055E46E /* Main.storyboard */,
				05560205216BE4D10055E46E /* LaunchScreen.storyboard */,
				05560203216BE4D10055E46E /* Assets.xcassets */,
			);
			path = View;
			sourceTree = "<group>";
		};
		05560210216BEA240055E46E /* Model */ = {
			isa = PBXGroup;
			children = (
				05560211216BF2DD0055E46E /* Activity.swift */,
			);
			path = Model;
			sourceTree = "<group>";
		};
/* End PBXGroup section */

/* Begin PBXNativeTarget section */
		055601F8216BE4D00055E46E /* FreshAirFit */ = {
			isa = PBXNativeTarget;
			buildConfigurationList = 0556020B216BE4D10055E46E /* Build configuration list for PBXNativeTarget "FreshAirFit" */;
			buildPhases = (
				055601F5216BE4D00055E46E /* Sources */,
				055601F6216BE4D00055E46E /* Frameworks */,
				055601F7216BE4D00055E46E /* Resources */,
			);
			buildRules = (
			);
			dependencies = (
			);
			name = FreshAirFit;
			productName = FreshAirFit;
			productReference = 055601F9216BE4D00055E46E /* FreshAirFit.app */;
			productType = "com.apple.product-type.application";
		};
/* End PBXNativeTarget section */

/* Begin PBXProject section */
		055601F1216BE4D00055E46E /* Project object */ = {
			isa = PBXProject;
			attributes = {
				LastSwiftUpdateCheck = 1000;
				LastUpgradeCheck = 1000;
				ORGANIZATIONNAME = "Banana Viking";
				TargetAttributes = {
					055601F8216BE4D00055E46E = {
						CreatedOnToolsVersion = 10.0;
					};
				};
			};
			buildConfigurationList = 055601F4216BE4D00055E46E /* Build configuration list for PBXProject "FreshAirFit" */;
			compatibilityVersion = "Xcode 9.3";
			developmentRegion = en;
			hasScannedForEncodings = 0;
			knownRegions = (
				en,
				Base,
			);
			mainGroup = 055601F0216BE4D00055E46E;
			productRefGroup = 055601FA216BE4D00055E46E /* Products */;
			projectDirPath = "";
			projectRoot = "";
			targets = (
				055601F8216BE4D00055E46E /* FreshAirFit */,
			);
		};
/* End PBXProject section */

/* Begin PBXResourcesBuildPhase section */
		055601F7216BE4D00055E46E /* Resources */ = {
			isa = PBXResourcesBuildPhase;
			buildActionMask = 2147483647;
			files = (
				05560207216BE4D10055E46E /* LaunchScreen.storyboard in Resources */,
				05560204216BE4D10055E46E /* Assets.xcassets in Resources */,
				05560202216BE4D00055E46E /* Main.storyboard in Resources */,
			);
			runOnlyForDeploymentPostprocessing = 0;
		};
/* End PBXResourcesBuildPhase section */

/* Begin PBXSourcesBuildPhase section */
		055601F5216BE4D00055E46E /* Sources */ = {
			isa = PBXSourcesBuildPhase;
			buildActionMask = 2147483647;
			files = (
				05B001B9216BFAD60004E18E /* ActivityDetailsViewController.swift in Sources */,
				05560212216BF2DD0055E46E /* Activity.swift in Sources */,
				055601FF216BE4D00055E46E /* ActivitiesViewController.swift in Sources */,
				055601FD216BE4D00055E46E /* AppDelegate.swift in Sources */,
			);
			runOnlyForDeploymentPostprocessing = 0;
		};
/* End PBXSourcesBuildPhase section */

/* Begin PBXVariantGroup section */
		05560200216BE4D00055E46E /* Main.storyboard */ = {
			isa = PBXVariantGroup;
			children = (
				05560201216BE4D00055E46E /* Base */,
			);
			name = Main.storyboard;
			sourceTree = "<group>";
		};
		05560205216BE4D10055E46E /* LaunchScreen.storyboard */ = {
			isa = PBXVariantGroup;
			children = (
				05560206216BE4D10055E46E /* Base */,
			);
			name = LaunchScreen.storyboard;
			sourceTree = "<group>";
		};
/* End PBXVariantGroup section */

/* Begin XCBuildConfiguration section */
		05560209216BE4D10055E46E /* Debug */ = {
			isa = XCBuildConfiguration;
			buildSettings = {
				ALWAYS_SEARCH_USER_PATHS = NO;
				CLANG_ANALYZER_NONNULL = YES;
				CLANG_ANALYZER_NUMBER_OBJECT_CONVERSION = YES_AGGRESSIVE;
				CLANG_CXX_LANGUAGE_STANDARD = "gnu++14";
				CLANG_CXX_LIBRARY = "libc++";
				CLANG_ENABLE_MODULES = YES;
				CLANG_ENABLE_OBJC_ARC = YES;
				CLANG_ENABLE_OBJC_WEAK = YES;
				CLANG_WARN_BLOCK_CAPTURE_AUTORELEASING = YES;
				CLANG_WARN_BOOL_CONVERSION = YES;
				CLANG_WARN_COMMA = YES;
				CLANG_WARN_CONSTANT_CONVERSION = YES;
				CLANG_WARN_DEPRECATED_OBJC_IMPLEMENTATIONS = YES;
				CLANG_WARN_DIRECT_OBJC_ISA_USAGE = YES_ERROR;
				CLANG_WARN_DOCUMENTATION_COMMENTS = YES;
				CLANG_WARN_EMPTY_BODY = YES;
				CLANG_WARN_ENUM_CONVERSION = YES;
				CLANG_WARN_INFINITE_RECURSION = YES;
				CLANG_WARN_INT_CONVERSION = YES;
				CLANG_WARN_NON_LITERAL_NULL_CONVERSION = YES;
				CLANG_WARN_OBJC_IMPLICIT_RETAIN_SELF = YES;
				CLANG_WARN_OBJC_LITERAL_CONVERSION = YES;
				CLANG_WARN_OBJC_ROOT_CLASS = YES_ERROR;
				CLANG_WARN_RANGE_LOOP_ANALYSIS = YES;
				CLANG_WARN_STRICT_PROTOTYPES = YES;
				CLANG_WARN_SUSPICIOUS_MOVE = YES;
				CLANG_WARN_UNGUARDED_AVAILABILITY = YES_AGGRESSIVE;
				CLANG_WARN_UNREACHABLE_CODE = YES;
				CLANG_WARN__DUPLICATE_METHOD_MATCH = YES;
				CODE_SIGN_IDENTITY = "iPhone Developer";
				COPY_PHASE_STRIP = NO;
				DEBUG_INFORMATION_FORMAT = dwarf;
				ENABLE_STRICT_OBJC_MSGSEND = YES;
				ENABLE_TESTABILITY = YES;
				GCC_C_LANGUAGE_STANDARD = gnu11;
				GCC_DYNAMIC_NO_PIC = NO;
				GCC_NO_COMMON_BLOCKS = YES;
				GCC_OPTIMIZATION_LEVEL = 0;
				GCC_PREPROCESSOR_DEFINITIONS = (
					"DEBUG=1",
					"$(inherited)",
				);
				GCC_WARN_64_TO_32_BIT_CONVERSION = YES;
				GCC_WARN_ABOUT_RETURN_TYPE = YES_ERROR;
				GCC_WARN_UNDECLARED_SELECTOR = YES;
				GCC_WARN_UNINITIALIZED_AUTOS = YES_AGGRESSIVE;
				GCC_WARN_UNUSED_FUNCTION = YES;
				GCC_WARN_UNUSED_VARIABLE = YES;
				IPHONEOS_DEPLOYMENT_TARGET = 12.0;
				MTL_ENABLE_DEBUG_INFO = INCLUDE_SOURCE;
				MTL_FAST_MATH = YES;
				ONLY_ACTIVE_ARCH = YES;
				SDKROOT = iphoneos;
				SWIFT_ACTIVE_COMPILATION_CONDITIONS = DEBUG;
				SWIFT_OPTIMIZATION_LEVEL = "-Onone";
			};
			name = Debug;
		};
		0556020A216BE4D10055E46E /* Release */ = {
			isa = XCBuildConfiguration;
			buildSettings = {
				ALWAYS_SEARCH_USER_PATHS = NO;
				CLANG_ANALYZER_NONNULL = YES;
				CLANG_ANALYZER_NUMBER_OBJECT_CONVERSION = YES_AGGRESSIVE;
				CLANG_CXX_LANGUAGE_STANDARD = "gnu++14";
				CLANG_CXX_LIBRARY = "libc++";
				CLANG_ENABLE_MODULES = YES;
				CLANG_ENABLE_OBJC_ARC = YES;
				CLANG_ENABLE_OBJC_WEAK = YES;
				CLANG_WARN_BLOCK_CAPTURE_AUTORELEASING = YES;
				CLANG_WARN_BOOL_CONVERSION = YES;
				CLANG_WARN_COMMA = YES;
				CLANG_WARN_CONSTANT_CONVERSION = YES;
				CLANG_WARN_DEPRECATED_OBJC_IMPLEMENTATIONS = YES;
				CLANG_WARN_DIRECT_OBJC_ISA_USAGE = YES_ERROR;
				CLANG_WARN_DOCUMENTATION_COMMENTS = YES;
				CLANG_WARN_EMPTY_BODY = YES;
				CLANG_WARN_ENUM_CONVERSION = YES;
				CLANG_WARN_INFINITE_RECURSION = YES;
				CLANG_WARN_INT_CONVERSION = YES;
				CLANG_WARN_NON_LITERAL_NULL_CONVERSION = YES;
				CLANG_WARN_OBJC_IMPLICIT_RETAIN_SELF = YES;
				CLANG_WARN_OBJC_LITERAL_CONVERSION = YES;
				CLANG_WARN_OBJC_ROOT_CLASS = YES_ERROR;
				CLANG_WARN_RANGE_LOOP_ANALYSIS = YES;
				CLANG_WARN_STRICT_PROTOTYPES = YES;
				CLANG_WARN_SUSPICIOUS_MOVE = YES;
				CLANG_WARN_UNGUARDED_AVAILABILITY = YES_AGGRESSIVE;
				CLANG_WARN_UNREACHABLE_CODE = YES;
				CLANG_WARN__DUPLICATE_METHOD_MATCH = YES;
				CODE_SIGN_IDENTITY = "iPhone Developer";
				COPY_PHASE_STRIP = NO;
				DEBUG_INFORMATION_FORMAT = "dwarf-with-dsym";
				ENABLE_NS_ASSERTIONS = NO;
				ENABLE_STRICT_OBJC_MSGSEND = YES;
				GCC_C_LANGUAGE_STANDARD = gnu11;
				GCC_NO_COMMON_BLOCKS = YES;
				GCC_WARN_64_TO_32_BIT_CONVERSION = YES;
				GCC_WARN_ABOUT_RETURN_TYPE = YES_ERROR;
				GCC_WARN_UNDECLARED_SELECTOR = YES;
				GCC_WARN_UNINITIALIZED_AUTOS = YES_AGGRESSIVE;
				GCC_WARN_UNUSED_FUNCTION = YES;
				GCC_WARN_UNUSED_VARIABLE = YES;
				IPHONEOS_DEPLOYMENT_TARGET = 12.0;
				MTL_ENABLE_DEBUG_INFO = NO;
				MTL_FAST_MATH = YES;
				SDKROOT = iphoneos;
				SWIFT_COMPILATION_MODE = wholemodule;
				SWIFT_OPTIMIZATION_LEVEL = "-O";
				VALIDATE_PRODUCT = YES;
			};
			name = Release;
		};
		0556020C216BE4D10055E46E /* Debug */ = {
			isa = XCBuildConfiguration;
			buildSettings = {
				ASSETCATALOG_COMPILER_APPICON_NAME = AppIcon;
				CODE_SIGN_STYLE = Automatic;
				DEVELOPMENT_TEAM = 7YNF79H478;
				INFOPLIST_FILE = FreshAirFit/Info.plist;
				LD_RUNPATH_SEARCH_PATHS = (
					"$(inherited)",
					"@executable_path/Frameworks",
				);
				PRODUCT_BUNDLE_IDENTIFIER = com.bananaviking.FreshAirFit;
				PRODUCT_NAME = "$(TARGET_NAME)";
				SWIFT_VERSION = 4.2;
				TARGETED_DEVICE_FAMILY = "1,2";
			};
			name = Debug;
		};
		0556020D216BE4D10055E46E /* Release */ = {
			isa = XCBuildConfiguration;
			buildSettings = {
				ASSETCATALOG_COMPILER_APPICON_NAME = AppIcon;
				CODE_SIGN_STYLE = Automatic;
				DEVELOPMENT_TEAM = 7YNF79H478;
				INFOPLIST_FILE = FreshAirFit/Info.plist;
				LD_RUNPATH_SEARCH_PATHS = (
					"$(inherited)",
					"@executable_path/Frameworks",
				);
				PRODUCT_BUNDLE_IDENTIFIER = com.bananaviking.FreshAirFit;
				PRODUCT_NAME = "$(TARGET_NAME)";
				SWIFT_VERSION = 4.2;
				TARGETED_DEVICE_FAMILY = "1,2";
			};
			name = Release;
		};
/* End XCBuildConfiguration section */

/* Begin XCConfigurationList section */
		055601F4216BE4D00055E46E /* Build configuration list for PBXProject "FreshAirFit" */ = {
			isa = XCConfigurationList;
			buildConfigurations = (
				05560209216BE4D10055E46E /* Debug */,
				0556020A216BE4D10055E46E /* Release */,
			);
			defaultConfigurationIsVisible = 0;
			defaultConfigurationName = Release;
		};
		0556020B216BE4D10055E46E /* Build configuration list for PBXNativeTarget "FreshAirFit" */ = {
			isa = XCConfigurationList;
			buildConfigurations = (
				0556020C216BE4D10055E46E /* Debug */,
				0556020D216BE4D10055E46E /* Release */,
			);
			defaultConfigurationIsVisible = 0;
			defaultConfigurationName = Release;
		};
/* End XCConfigurationList section */
	};
	rootObject = 055601F1216BE4D00055E46E /* Project object */;
}
